
Microsoft Visual Studio Solution File, Format Version 12.00
# Visual Studio 14
VisualStudioVersion = 14.0.23107.0
MinimumVisualStudioVersion = 10.0.40219.1
Project("{8BC9CEB8-8B4A-11D0-8D11-00A0C91BC942}") = "ReadVideo", "ReadVideo\ReadVideo.vcxproj", "{B347A8F8-FA0B-47B2-9341-77B35921C539}"
EndProject
Project("{8BC9CEB8-8B4A-11D0-8D11-00A0C91BC942}") = "LEDPen", "LEDPen\LEDPen.vcxproj", "{94AB4A21-A861-4EA6-BC48-AA6B1675E4A6}"
EndProject
Project("{8BC9CEB8-8B4A-11D0-8D11-00A0C91BC942}") = "Calibration", "Calibration\Calibration.vcxproj", "{73F01232-C4BB-4B0D-81CB-C9ED00451A22}"
EndProject
Project("{8BC9CEB8-8B4A-11D0-8D11-00A0C91BC942}") = "OGLTutorial", "OGLTutorial\OGLTutorial.vcxproj", "{BB088E3E-554F-4A9E-82D0-B28028B97EFF}"
EndProject
Project("{8BC9CEB8-8B4A-11D0-8D11-00A0C91BC942}") = "DrawSphere", "DrawSphere\DrawSphere.vcxproj", "{9C63B2A1-58A8-4168-A53A-4183FBCA1429}"
EndProject
Project("{8BC9CEB8-8B4A-11D0-8D11-00A0C91BC942}") = "ZMQTutorial", "ZMQTutorial\ZMQTutorial.vcxproj", "{0BB9B7D5-98BA-4BBC-BA5A-04473397D5B6}"
EndProject
Project("{8BC9CEB8-8B4A-11D0-8D11-00A0C91BC942}") = "ZMQ2", "ZMQ2\ZMQ2.vcxproj", "{C9979CFA-7229-4B2E-9A97-26B71E9FE50C}"
EndProject
Global
	GlobalSection(SolutionConfigurationPlatforms) = preSolution
		Debug|x64 = Debug|x64
		Debug|x86 = Debug|x86
		Release|x64 = Release|x64
		Release|x86 = Release|x86
	EndGlobalSection
	GlobalSection(ProjectConfigurationPlatforms) = postSolution
		{B347A8F8-FA0B-47B2-9341-77B35921C539}.Debug|x64.ActiveCfg = Debug|x64
		{B347A8F8-FA0B-47B2-9341-77B35921C539}.Debug|x64.Build.0 = Debug|x64
		{B347A8F8-FA0B-47B2-9341-77B35921C539}.Debug|x86.ActiveCfg = Debug|Win32
		{B347A8F8-FA0B-47B2-9341-77B35921C539}.Debug|x86.Build.0 = Debug|Win32
		{B347A8F8-FA0B-47B2-9341-77B35921C539}.Release|x64.ActiveCfg = Release|x64
		{B347A8F8-FA0B-47B2-9341-77B35921C539}.Release|x64.Build.0 = Release|x64
		{B347A8F8-FA0B-47B2-9341-77B35921C539}.Release|x86.ActiveCfg = Release|Win32
		{B347A8F8-FA0B-47B2-9341-77B35921C539}.Release|x86.Build.0 = Release|Win32
		{94AB4A21-A861-4EA6-BC48-AA6B1675E4A6}.Debug|x64.ActiveCfg = Debug|x64
		{94AB4A21-A861-4EA6-BC48-AA6B1675E4A6}.Debug|x64.Build.0 = Debug|x64
		{94AB4A21-A861-4EA6-BC48-AA6B1675E4A6}.Debug|x86.ActiveCfg = Debug|Win32
		{94AB4A21-A861-4EA6-BC48-AA6B1675E4A6}.Debug|x86.Build.0 = Debug|Win32
		{94AB4A21-A861-4EA6-BC48-AA6B1675E4A6}.Release|x64.ActiveCfg = Release|x64
		{94AB4A21-A861-4EA6-BC48-AA6B1675E4A6}.Release|x64.Build.0 = Release|x64
		{94AB4A21-A861-4EA6-BC48-AA6B1675E4A6}.Release|x86.ActiveCfg = Release|Win32
		{94AB4A21-A861-4EA6-BC48-AA6B1675E4A6}.Release|x86.Build.0 = Release|Win32
		{73F01232-C4BB-4B0D-81CB-C9ED00451A22}.Debug|x64.ActiveCfg = Debug|x64
		{73F01232-C4BB-4B0D-81CB-C9ED00451A22}.Debug|x64.Build.0 = Debug|x64
		{73F01232-C4BB-4B0D-81CB-C9ED00451A22}.Debug|x86.ActiveCfg = Debug|Win32
		{73F01232-C4BB-4B0D-81CB-C9ED00451A22}.Debug|x86.Build.0 = Debug|Win32
		{73F01232-C4BB-4B0D-81CB-C9ED00451A22}.Release|x64.ActiveCfg = Release|x64
		{73F01232-C4BB-4B0D-81CB-C9ED00451A22}.Release|x64.Build.0 = Release|x64
		{73F01232-C4BB-4B0D-81CB-C9ED00451A22}.Release|x86.ActiveCfg = Release|Win32
		{73F01232-C4BB-4B0D-81CB-C9ED00451A22}.Release|x86.Build.0 = Release|Win32
		{BB088E3E-554F-4A9E-82D0-B28028B97EFF}.Debug|x64.ActiveCfg = Debug|x64
		{BB088E3E-554F-4A9E-82D0-B28028B97EFF}.Debug|x64.Build.0 = Debug|x64
		{BB088E3E-554F-4A9E-82D0-B28028B97EFF}.Debug|x86.ActiveCfg = Debug|Win32
		{BB088E3E-554F-4A9E-82D0-B28028B97EFF}.Debug|x86.Build.0 = Debug|Win32
		{BB088E3E-554F-4A9E-82D0-B28028B97EFF}.Release|x64.ActiveCfg = Release|x64
		{BB088E3E-554F-4A9E-82D0-B28028B97EFF}.Release|x64.Build.0 = Release|x64
		{BB088E3E-554F-4A9E-82D0-B28028B97EFF}.Release|x86.ActiveCfg = Release|Win32
		{BB088E3E-554F-4A9E-82D0-B28028B97EFF}.Release|x86.Build.0 = Release|Win32
		{9C63B2A1-58A8-4168-A53A-4183FBCA1429}.Debug|x64.ActiveCfg = Debug|x64
		{9C63B2A1-58A8-4168-A53A-4183FBCA1429}.Debug|x64.Build.0 = Debug|x64
		{9C63B2A1-58A8-4168-A53A-4183FBCA1429}.Debug|x86.ActiveCfg = Debug|Win32
		{9C63B2A1-58A8-4168-A53A-4183FBCA1429}.Debug|x86.Build.0 = Debug|Win32
		{9C63B2A1-58A8-4168-A53A-4183FBCA1429}.Release|x64.ActiveCfg = Release|x64
		{9C63B2A1-58A8-4168-A53A-4183FBCA1429}.Release|x64.Build.0 = Release|x64
		{9C63B2A1-58A8-4168-A53A-4183FBCA1429}.Release|x86.ActiveCfg = Release|Win32
		{9C63B2A1-58A8-4168-A53A-4183FBCA1429}.Release|x86.Build.0 = Release|Win32
		{0BB9B7D5-98BA-4BBC-BA5A-04473397D5B6}.Debug|x64.ActiveCfg = Debug|x64
		{0BB9B7D5-98BA-4BBC-BA5A-04473397D5B6}.Debug|x64.Build.0 = Debug|x64
		{0BB9B7D5-98BA-4BBC-BA5A-04473397D5B6}.Debug|x86.ActiveCfg = Debug|Win32
		{0BB9B7D5-98BA-4BBC-BA5A-04473397D5B6}.Debug|x86.Build.0 = Debug|Win32
		{0BB9B7D5-98BA-4BBC-BA5A-04473397D5B6}.Release|x64.ActiveCfg = Release|x64
		{0BB9B7D5-98BA-4BBC-BA5A-04473397D5B6}.Release|x64.Build.0 = Release|x64
		{0BB9B7D5-98BA-4BBC-BA5A-04473397D5B6}.Release|x86.ActiveCfg = Release|Win32
		{0BB9B7D5-98BA-4BBC-BA5A-04473397D5B6}.Release|x86.Build.0 = Release|Win32
		{C9979CFA-7229-4B2E-9A97-26B71E9FE50C}.Debug|x64.ActiveCfg = Debug|x64
		{C9979CFA-7229-4B2E-9A97-26B71E9FE50C}.Debug|x64.Build.0 = Debug|x64
		{C9979CFA-7229-4B2E-9A97-26B71E9FE50C}.Debug|x86.ActiveCfg = Debug|Win32
		{C9979CFA-7229-4B2E-9A97-26B71E9FE50C}.Debug|x86.Build.0 = Debug|Win32
		{C9979CFA-7229-4B2E-9A97-26B71E9FE50C}.Release|x64.ActiveCfg = Release|x64
		{C9979CFA-7229-4B2E-9A97-26B71E9FE50C}.Release|x64.Build.0 = Release|x64
		{C9979CFA-7229-4B2E-9A97-26B71E9FE50C}.Release|x86.ActiveCfg = Release|Win32
		{C9979CFA-7229-4B2E-9A97-26B71E9FE50C}.Release|x86.Build.0 = Release|Win32
	EndGlobalSection
	GlobalSection(SolutionProperties) = preSolution
		HideSolutionNode = FALSE
	EndGlobalSection
EndGlobal
